# This file is automatically @generated by Poetry 2.1.2 and should not be changed by hand.

[[package]]
name = "asgiref"
version = "3.8.1"
description = "ASGI specs, helper code, and adapters"
optional = false
python-versions = ">=3.8"
groups = ["main"]
files = [
    {file = "asgiref-3.8.1-py3-none-any.whl", hash = "sha256:3e1e3ecc849832fe52ccf2cb6686b7a55f82bb1d6aee72a58826471390335e47"},
    {file = "asgiref-3.8.1.tar.gz", hash = "sha256:c343bd80a0bec947a9860adb4c432ffa7db769836c64238fc34bdc3fec84d590"},
]

[package.dependencies]
typing-extensions = {version = ">=4", markers = "python_version < \"3.11\""}

[package.extras]
tests = ["mypy (>=0.800)", "pytest", "pytest-asyncio"]

[[package]]
name = "colorama"
version = "0.4.6"
description = "Cross-platform colored terminal text."
optional = false
python-versions = "!=3.0.*,!=3.1.*,!=3.2.*,!=3.3.*,!=3.4.*,!=3.5.*,!=3.6.*,>=2.7"
groups = ["dev"]
markers = "sys_platform == \"win32\""
files = [
    {file = "colorama-0.4.6-py2.py3-none-any.whl", hash = "sha256:4f1d9991f5acc0ca119f9d443620b77f9d6b33703e51011c16baf57afb285fc6"},
    {file = "colorama-0.4.6.tar.gz", hash = "sha256:08695f5cb7ed6e0531a20572697297273c47b8cae5a63ffc6d6ed5c201be6e44"},
]

[[package]]
name = "coverage"
version = "7.10.4"
description = "Code coverage measurement for Python"
optional = false
python-versions = ">=3.9"
groups = ["dev"]
files = [
    {file = "coverage-7.10.4-cp310-cp310-macosx_10_9_x86_64.whl", hash = "sha256:d92d6edb0ccafd20c6fbf9891ca720b39c2a6a4b4a6f9cf323ca2c986f33e475"},
    {file = "coverage-7.10.4-cp310-cp310-macosx_11_0_arm64.whl", hash = "sha256:7202da14dc0236884fcc45665ffb2d79d4991a53fbdf152ab22f69f70923cc22"},
    {file = "coverage-7.10.4-cp310-cp310-manylinux1_i686.manylinux_2_28_i686.manylinux_2_5_i686.whl", hash = "sha256:ada418633ae24ec8d0fcad5efe6fc7aa3c62497c6ed86589e57844ad04365674"},
    {file = "coverage-7.10.4-cp310-cp310-manylinux1_x86_64.manylinux_2_28_x86_64.manylinux_2_5_x86_64.whl", hash = "sha256:b828e33eca6c3322adda3b5884456f98c435182a44917ded05005adfa1415500"},
    {file = "coverage-7.10.4-cp310-cp310-manylinux2014_aarch64.manylinux_2_17_aarch64.manylinux_2_28_aarch64.whl", hash = "sha256:802793ba397afcfdbe9f91f89d65ae88b958d95edc8caf948e1f47d8b6b2b606"},
    {file = "coverage-7.10.4-cp310-cp310-musllinux_1_2_aarch64.whl", hash = "sha256:d0b23512338c54101d3bf7a1ab107d9d75abda1d5f69bc0887fd079253e4c27e"},
    {file = "coverage-7.10.4-cp310-cp310-musllinux_1_2_i686.whl", hash = "sha256:f36b7dcf72d06a8c5e2dd3aca02be2b1b5db5f86404627dff834396efce958f2"},
    {file = "coverage-7.10.4-cp310-cp310-musllinux_1_2_x86_64.whl", hash = "sha256:fce316c367a1dc2c411821365592eeb335ff1781956d87a0410eae248188ba51"},
    {file = "coverage-7.10.4-cp310-cp310-win32.whl", hash = "sha256:8c5dab29fc8070b3766b5fc85f8d89b19634584429a2da6d42da5edfadaf32ae"},
    {file = "coverage-7.10.4-cp310-cp310-win_amd64.whl", hash = "sha256:4b0d114616f0fccb529a1817457d5fb52a10e106f86c5fb3b0bd0d45d0d69b93"},
    {file = "coverage-7.10.4-cp311-cp311-macosx_10_9_x86_64.whl", hash = "sha256:05d5f98ec893d4a2abc8bc5f046f2f4367404e7e5d5d18b83de8fde1093ebc4f"},
    {file = "coverage-7.10.4-cp311-cp311-macosx_11_0_arm64.whl", hash = "sha256:9267efd28f8994b750d171e58e481e3bbd69e44baed540e4c789f8e368b24b88"},
    {file = "coverage-7.10.4-cp311-cp311-manylinux1_i686.manylinux_2_28_i686.manylinux_2_5_i686.whl", hash = "sha256:4456a039fdc1a89ea60823d0330f1ac6f97b0dbe9e2b6fb4873e889584b085fb"},
    {file = "coverage-7.10.4-cp311-cp311-manylinux1_x86_64.manylinux_2_28_x86_64.manylinux_2_5_x86_64.whl", hash = "sha256:c2bfbd2a9f7e68a21c5bd191be94bfdb2691ac40d325bac9ef3ae45ff5c753d9"},
    {file = "coverage-7.10.4-cp311-cp311-manylinux2014_aarch64.manylinux_2_17_aarch64.manylinux_2_28_aarch64.whl", hash = "sha256:0ab7765f10ae1df7e7fe37de9e64b5a269b812ee22e2da3f84f97b1c7732a0d8"},
    {file = "coverage-7.10.4-cp311-cp311-musllinux_1_2_aarch64.whl", hash = "sha256:0a09b13695166236e171ec1627ff8434b9a9bae47528d0ba9d944c912d33b3d2"},
    {file = "coverage-7.10.4-cp311-cp311-musllinux_1_2_i686.whl", hash = "sha256:5c9e75dfdc0167d5675e9804f04a56b2cf47fb83a524654297000b578b8adcb7"},
    {file = "coverage-7.10.4-cp311-cp311-musllinux_1_2_x86_64.whl", hash = "sha256:c751261bfe6481caba15ec005a194cb60aad06f29235a74c24f18546d8377df0"},
    {file = "coverage-7.10.4-cp311-cp311-win32.whl", hash = "sha256:051c7c9e765f003c2ff6e8c81ccea28a70fb5b0142671e4e3ede7cebd45c80af"},
    {file = "coverage-7.10.4-cp311-cp311-win_amd64.whl", hash = "sha256:1a647b152f10be08fb771ae4a1421dbff66141e3d8ab27d543b5eb9ea5af8e52"},
    {file = "coverage-7.10.4-cp311-cp311-win_arm64.whl", hash = "sha256:b09b9e4e1de0d406ca9f19a371c2beefe3193b542f64a6dd40cfcf435b7d6aa0"},
    {file = "coverage-7.10.4-cp312-cp312-macosx_10_13_x86_64.whl", hash = "sha256:a1f0264abcabd4853d4cb9b3d164adbf1565da7dab1da1669e93f3ea60162d79"},
    {file = "coverage-7.10.4-cp312-cp312-macosx_11_0_arm64.whl", hash = "sha256:536cbe6b118a4df231b11af3e0f974a72a095182ff8ec5f4868c931e8043ef3e"},
    {file = "coverage-7.10.4-cp312-cp312-manylinux1_i686.manylinux_2_28_i686.manylinux_2_5_i686.whl", hash = "sha256:9a4c0d84134797b7bf3f080599d0cd501471f6c98b715405166860d79cfaa97e"},
    {file = "coverage-7.10.4-cp312-cp312-manylinux1_x86_64.manylinux_2_28_x86_64.manylinux_2_5_x86_64.whl", hash = "sha256:7c155fc0f9cee8c9803ea0ad153ab6a3b956baa5d4cd993405dc0b45b2a0b9e0"},
    {file = "coverage-7.10.4-cp312-cp312-manylinux2014_aarch64.manylinux_2_17_aarch64.manylinux_2_28_aarch64.whl", hash = "sha256:0a5f2ab6e451d4b07855d8bcf063adf11e199bff421a4ba57f5bb95b7444ca62"},
    {file = "coverage-7.10.4-cp312-cp312-musllinux_1_2_aarch64.whl", hash = "sha256:685b67d99b945b0c221be0780c336b303a7753b3e0ec0d618c795aada25d5e7a"},
    {file = "coverage-7.10.4-cp312-cp312-musllinux_1_2_i686.whl", hash = "sha256:0c079027e50c2ae44da51c2e294596cbc9dbb58f7ca45b30651c7e411060fc23"},
    {file = "coverage-7.10.4-cp312-cp312-musllinux_1_2_x86_64.whl", hash = "sha256:3749aa72b93ce516f77cf5034d8e3c0dfd45c6e8a163a602ede2dc5f9a0bb927"},
    {file = "coverage-7.10.4-cp312-cp312-win32.whl", hash = "sha256:fecb97b3a52fa9bcd5a7375e72fae209088faf671d39fae67261f37772d5559a"},
    {file = "coverage-7.10.4-cp312-cp312-win_amd64.whl", hash = "sha256:26de58f355626628a21fe6a70e1e1fad95702dafebfb0685280962ae1449f17b"},
    {file = "coverage-7.10.4-cp312-cp312-win_arm64.whl", hash = "sha256:67e8885408f8325198862bc487038a4980c9277d753cb8812510927f2176437a"},
    {file = "coverage-7.10.4-cp313-cp313-macosx_10_13_x86_64.whl", hash = "sha256:2b8e1d2015d5dfdbf964ecef12944c0c8c55b885bb5c0467ae8ef55e0e151233"},
    {file = "coverage-7.10.4-cp313-cp313-macosx_11_0_arm64.whl", hash = "sha256:25735c299439018d66eb2dccf54f625aceb78645687a05f9f848f6e6c751e169"},
    {file = "coverage-7.10.4-cp313-cp313-manylinux1_i686.manylinux_2_28_i686.manylinux_2_5_i686.whl", hash = "sha256:715c06cb5eceac4d9b7cdf783ce04aa495f6aff657543fea75c30215b28ddb74"},
    {file = "coverage-7.10.4-cp313-cp313-manylinux1_x86_64.manylinux_2_28_x86_64.manylinux_2_5_x86_64.whl", hash = "sha256:e017ac69fac9aacd7df6dc464c05833e834dc5b00c914d7af9a5249fcccf07ef"},
    {file = "coverage-7.10.4-cp313-cp313-manylinux2014_aarch64.manylinux_2_17_aarch64.manylinux_2_28_aarch64.whl", hash = "sha256:bad180cc40b3fccb0f0e8c702d781492654ac2580d468e3ffc8065e38c6c2408"},
    {file = "coverage-7.10.4-cp313-cp313-musllinux_1_2_aarch64.whl", hash = "sha256:becbdcd14f685fada010a5f792bf0895675ecf7481304fe159f0cd3f289550bd"},
    {file = "coverage-7.10.4-cp313-cp313-musllinux_1_2_i686.whl", hash = "sha256:0b485ca21e16a76f68060911f97ebbe3e0d891da1dbbce6af7ca1ab3f98b9097"},
    {file = "coverage-7.10.4-cp313-cp313-musllinux_1_2_x86_64.whl", hash = "sha256:6c1d098ccfe8e1e0a1ed9a0249138899948afd2978cbf48eb1cc3fcd38469690"},
    {file = "coverage-7.10.4-cp313-cp313-win32.whl", hash = "sha256:8630f8af2ca84b5c367c3df907b1706621abe06d6929f5045fd628968d421e6e"},
    {file = "coverage-7.10.4-cp313-cp313-win_amd64.whl", hash = "sha256:f68835d31c421736be367d32f179e14ca932978293fe1b4c7a6a49b555dff5b2"},
    {file = "coverage-7.10.4-cp313-cp313-win_arm64.whl", hash = "sha256:6eaa61ff6724ca7ebc5326d1fae062d85e19b38dd922d50903702e6078370ae7"},
    {file = "coverage-7.10.4-cp313-cp313t-macosx_10_13_x86_64.whl", hash = "sha256:702978108876bfb3d997604930b05fe769462cc3000150b0e607b7b444f2fd84"},
    {file = "coverage-7.10.4-cp313-cp313t-macosx_11_0_arm64.whl", hash = "sha256:e8f978e8c5521d9c8f2086ac60d931d583fab0a16f382f6eb89453fe998e2484"},
    {file = "coverage-7.10.4-cp313-cp313t-manylinux1_i686.manylinux_2_28_i686.manylinux_2_5_i686.whl", hash = "sha256:df0ac2ccfd19351411c45e43ab60932b74472e4648b0a9edf6a3b58846e246a9"},
    {file = "coverage-7.10.4-cp313-cp313t-manylinux1_x86_64.manylinux_2_28_x86_64.manylinux_2_5_x86_64.whl", hash = "sha256:73a0d1aaaa3796179f336448e1576a3de6fc95ff4f07c2d7251d4caf5d18cf8d"},
    {file = "coverage-7.10.4-cp313-cp313t-manylinux2014_aarch64.manylinux_2_17_aarch64.manylinux_2_28_aarch64.whl", hash = "sha256:873da6d0ed6b3ffc0bc01f2c7e3ad7e2023751c0d8d86c26fe7322c314b031dc"},
    {file = "coverage-7.10.4-cp313-cp313t-musllinux_1_2_aarch64.whl", hash = "sha256:c6446c75b0e7dda5daa876a1c87b480b2b52affb972fedd6c22edf1aaf2e00ec"},
    {file = "coverage-7.10.4-cp313-cp313t-musllinux_1_2_i686.whl", hash = "sha256:6e73933e296634e520390c44758d553d3b573b321608118363e52113790633b9"},
    {file = "coverage-7.10.4-cp313-cp313t-musllinux_1_2_x86_64.whl", hash = "sha256:52073d4b08d2cb571234c8a71eb32af3c6923149cf644a51d5957ac128cf6aa4"},
    {file = "coverage-7.10.4-cp313-cp313t-win32.whl", hash = "sha256:e24afb178f21f9ceb1aefbc73eb524769aa9b504a42b26857243f881af56880c"},
    {file = "coverage-7.10.4-cp313-cp313t-win_amd64.whl", hash = "sha256:be04507ff1ad206f4be3d156a674e3fb84bbb751ea1b23b142979ac9eebaa15f"},
    {file = "coverage-7.10.4-cp313-cp313t-win_arm64.whl", hash = "sha256:f3e3ff3f69d02b5dad67a6eac68cc9c71ae343b6328aae96e914f9f2f23a22e2"},
    {file = "coverage-7.10.4-cp314-cp314-macosx_10_13_x86_64.whl", hash = "sha256:a59fe0af7dd7211ba595cf7e2867458381f7e5d7b4cffe46274e0b2f5b9f4eb4"},
    {file = "coverage-7.10.4-cp314-cp314-macosx_11_0_arm64.whl", hash = "sha256:3a6c35c5b70f569ee38dc3350cd14fdd0347a8b389a18bb37538cc43e6f730e6"},
    {file = "coverage-7.10.4-cp314-cp314-manylinux1_i686.manylinux_2_28_i686.manylinux_2_5_i686.whl", hash = "sha256:acb7baf49f513554c4af6ef8e2bd6e8ac74e6ea0c7386df8b3eb586d82ccccc4"},
    {file = "coverage-7.10.4-cp314-cp314-manylinux1_x86_64.manylinux_2_28_x86_64.manylinux_2_5_x86_64.whl", hash = "sha256:a89afecec1ed12ac13ed203238b560cbfad3522bae37d91c102e690b8b1dc46c"},
    {file = "coverage-7.10.4-cp314-cp314-manylinux2014_aarch64.manylinux_2_17_aarch64.manylinux_2_28_aarch64.whl", hash = "sha256:480442727f464407d8ade6e677b7f21f3b96a9838ab541b9a28ce9e44123c14e"},
    {file = "coverage-7.10.4-cp314-cp314-musllinux_1_2_aarch64.whl", hash = "sha256:a89bf193707f4a17f1ed461504031074d87f035153239f16ce86dfb8f8c7ac76"},
    {file = "coverage-7.10.4-cp314-cp314-musllinux_1_2_i686.whl", hash = "sha256:3ddd912c2fc440f0fb3229e764feec85669d5d80a988ff1b336a27d73f63c818"},
    {file = "coverage-7.10.4-cp314-cp314-musllinux_1_2_x86_64.whl", hash = "sha256:8a538944ee3a42265e61c7298aeba9ea43f31c01271cf028f437a7b4075592cf"},
    {file = "coverage-7.10.4-cp314-cp314-win32.whl", hash = "sha256:fd2e6002be1c62476eb862b8514b1ba7e7684c50165f2a8d389e77da6c9a2ebd"},
    {file = "coverage-7.10.4-cp314-cp314-win_amd64.whl", hash = "sha256:ec113277f2b5cf188d95fb66a65c7431f2b9192ee7e6ec9b72b30bbfb53c244a"},
    {file = "coverage-7.10.4-cp314-cp314-win_arm64.whl", hash = "sha256:9744954bfd387796c6a091b50d55ca7cac3d08767795b5eec69ad0f7dbf12d38"},
    {file = "coverage-7.10.4-cp314-cp314t-macosx_10_13_x86_64.whl", hash = "sha256:5af4829904dda6aabb54a23879f0f4412094ba9ef153aaa464e3c1b1c9bc98e6"},
    {file = "coverage-7.10.4-cp314-cp314t-macosx_11_0_arm64.whl", hash = "sha256:7bba5ed85e034831fac761ae506c0644d24fd5594727e174b5a73aff343a7508"},
    {file = "coverage-7.10.4-cp314-cp314t-manylinux1_i686.manylinux_2_28_i686.manylinux_2_5_i686.whl", hash = "sha256:d57d555b0719834b55ad35045de6cc80fc2b28e05adb6b03c98479f9553b387f"},
    {file = "coverage-7.10.4-cp314-cp314t-manylinux1_x86_64.manylinux_2_28_x86_64.manylinux_2_5_x86_64.whl", hash = "sha256:ba62c51a72048bb1ea72db265e6bd8beaabf9809cd2125bbb5306c6ce105f214"},
    {file = "coverage-7.10.4-cp314-cp314t-manylinux2014_aarch64.manylinux_2_17_aarch64.manylinux_2_28_aarch64.whl", hash = "sha256:0acf0c62a6095f07e9db4ec365cc58c0ef5babb757e54745a1aa2ea2a2564af1"},
    {file = "coverage-7.10.4-cp314-cp314t-musllinux_1_2_aarch64.whl", hash = "sha256:e1033bf0f763f5cf49ffe6594314b11027dcc1073ac590b415ea93463466deec"},
    {file = "coverage-7.10.4-cp314-cp314t-musllinux_1_2_i686.whl", hash = "sha256:92c29eff894832b6a40da1789b1f252305af921750b03ee4535919db9179453d"},
    {file = "coverage-7.10.4-cp314-cp314t-musllinux_1_2_x86_64.whl", hash = "sha256:822c4c830989c2093527e92acd97be4638a44eb042b1bdc0e7a278d84a070bd3"},
    {file = "coverage-7.10.4-cp314-cp314t-win32.whl", hash = "sha256:e694d855dac2e7cf194ba33653e4ba7aad7267a802a7b3fc4347d0517d5d65cd"},
    {file = "coverage-7.10.4-cp314-cp314t-win_amd64.whl", hash = "sha256:efcc54b38ef7d5bfa98050f220b415bc5bb3d432bd6350a861cf6da0ede2cdcd"},
    {file = "coverage-7.10.4-cp314-cp314t-win_arm64.whl", hash = "sha256:6f3a3496c0fa26bfac4ebc458747b778cff201c8ae94fa05e1391bab0dbc473c"},
    {file = "coverage-7.10.4-cp39-cp39-macosx_10_9_x86_64.whl", hash = "sha256:48fd4d52600c2a9d5622e52dfae674a7845c5e1dceaf68b88c99feb511fbcfd6"},
    {file = "coverage-7.10.4-cp39-cp39-macosx_11_0_arm64.whl", hash = "sha256:56217b470d09d69e6b7dcae38200f95e389a77db801cb129101697a4553b18b6"},
    {file = "coverage-7.10.4-cp39-cp39-manylinux1_i686.manylinux_2_28_i686.manylinux_2_5_i686.whl", hash = "sha256:44ac3f21a6e28c5ff7f7a47bca5f87885f6a1e623e637899125ba47acd87334d"},
    {file = "coverage-7.10.4-cp39-cp39-manylinux1_x86_64.manylinux_2_28_x86_64.manylinux_2_5_x86_64.whl", hash = "sha256:3387739d72c84d17b4d2f7348749cac2e6700e7152026912b60998ee9a40066b"},
    {file = "coverage-7.10.4-cp39-cp39-manylinux2014_aarch64.manylinux_2_17_aarch64.manylinux_2_28_aarch64.whl", hash = "sha256:3f111ff20d9a6348e0125be892608e33408dd268f73b020940dfa8511ad05503"},
    {file = "coverage-7.10.4-cp39-cp39-musllinux_1_2_aarch64.whl", hash = "sha256:01a852f0a9859734b018a3f483cc962d0b381d48d350b1a0c47d618c73a0c398"},
    {file = "coverage-7.10.4-cp39-cp39-musllinux_1_2_i686.whl", hash = "sha256:225111dd06759ba4e37cee4c0b4f3df2b15c879e9e3c37bf986389300b9917c3"},
    {file = "coverage-7.10.4-cp39-cp39-musllinux_1_2_x86_64.whl", hash = "sha256:2178d4183bd1ba608f0bb12e71e55838ba1b7dbb730264f8b08de9f8ef0c27d0"},
    {file = "coverage-7.10.4-cp39-cp39-win32.whl", hash = "sha256:93d175fe81913aee7a6ea430abbdf2a79f1d9fd451610e12e334e4fe3264f563"},
    {file = "coverage-7.10.4-cp39-cp39-win_amd64.whl", hash = "sha256:2221a823404bb941c7721cf0ef55ac6ee5c25d905beb60c0bba5e5e85415d353"},
    {file = "coverage-7.10.4-py3-none-any.whl", hash = "sha256:065d75447228d05121e5c938ca8f0e91eed60a1eb2d1258d42d5084fecfc3302"},
    {file = "coverage-7.10.4.tar.gz", hash = "sha256:25f5130af6c8e7297fd14634955ba9e1697f47143f289e2a23284177c0061d27"},
]

[package.dependencies]
tomli = {version = "*", optional = true, markers = "python_full_version <= \"3.11.0a6\" and extra == \"toml\""}

[package.extras]
toml = ["tomli ; python_full_version <= \"3.11.0a6\""]

[[package]]
name = "django"
version = "5.1.4"
description = "A high-level Python web framework that encourages rapid development and clean, pragmatic design."
optional = false
python-versions = ">=3.10"
groups = ["main"]
files = [
    {file = "Django-5.1.4-py3-none-any.whl", hash = "sha256:236e023f021f5ce7dee5779de7b286565fdea5f4ab86bae5338e3f7b69896cf0"},
    {file = "Django-5.1.4.tar.gz", hash = "sha256:de450c09e91879fa5a307f696e57c851955c910a438a35e6b4c895e86bedc82a"},
]

[package.dependencies]
asgiref = ">=3.8.1,<4"
sqlparse = ">=0.3.1"
tzdata = {version = "*", markers = "sys_platform == \"win32\""}

[package.extras]
argon2 = ["argon2-cffi (>=19.1.0)"]
bcrypt = ["bcrypt"]

[[package]]
name = "django-ipware"
version = "7.0.1"
description = "A Django application to retrieve user's IP address"
optional = false
python-versions = ">=3.8"
groups = ["main"]
files = [
    {file = "django-ipware-7.0.1.tar.gz", hash = "sha256:d9ec43d2bf7cdf216fed8d494a084deb5761a54860a53b2e74346a4f384cff47"},
    {file = "django_ipware-7.0.1-py2.py3-none-any.whl", hash = "sha256:db16bbee920f661ae7f678e4270460c85850f03c6761a4eaeb489bdc91f64709"},
]

[package.dependencies]
python-ipware = ">=2.0.3"

[[package]]
name = "djangorestframework"
version = "3.15.2"
description = "Web APIs for Django, made easy."
optional = false
python-versions = ">=3.8"
groups = ["main"]
files = [
    {file = "djangorestframework-3.15.2-py3-none-any.whl", hash = "sha256:2b8871b062ba1aefc2de01f773875441a961fefbf79f5eed1e32b2f096944b20"},
    {file = "djangorestframework-3.15.2.tar.gz", hash = "sha256:36fe88cd2d6c6bec23dca9804bab2ba5517a8bb9d8f47ebc68981b56840107ad"},
]

[package.dependencies]
django = ">=4.2"

[[package]]
name = "exceptiongroup"
version = "1.3.0"
description = "Backport of PEP 654 (exception groups)"
optional = false
python-versions = ">=3.7"
groups = ["dev"]
markers = "python_version == \"3.10\""
files = [
    {file = "exceptiongroup-1.3.0-py3-none-any.whl", hash = "sha256:4d111e6e0c13d0644cad6ddaa7ed0261a0b36971f6d23e7ec9b4b9097da78a10"},
    {file = "exceptiongroup-1.3.0.tar.gz", hash = "sha256:b241f5885f560bc56a59ee63ca4c6a8bfa46ae4ad651af316d4e81817bb9fd88"},
]

[package.dependencies]
typing-extensions = {version = ">=4.6.0", markers = "python_version < \"3.13\""}

[package.extras]
test = ["pytest (>=6)"]

[[package]]
name = "iniconfig"
version = "2.1.0"
description = "brain-dead simple config-ini parsing"
optional = false
python-versions = ">=3.8"
groups = ["dev"]
files = [
    {file = "iniconfig-2.1.0-py3-none-any.whl", hash = "sha256:9deba5723312380e77435581c6bf4935c94cbfab9b1ed33ef8d238ea168eb760"},
    {file = "iniconfig-2.1.0.tar.gz", hash = "sha256:3abbd2e30b36733fee78f9c7f7308f2d0050e88f0087fd25c2645f63c773e1c7"},
]

[[package]]
name = "packaging"
version = "25.0"
description = "Core utilities for Python packages"
optional = false
python-versions = ">=3.8"
groups = ["dev"]
files = [
    {file = "packaging-25.0-py3-none-any.whl", hash = "sha256:29572ef2b1f17581046b3a2227d5c611fb25ec70ca1ba8554b24b0e69331a484"},
    {file = "packaging-25.0.tar.gz", hash = "sha256:d443872c98d677bf60f6a1f2f8c1cb748e8fe762d2bf9d3148b5599295b0fc4f"},
]

[[package]]
name = "pluggy"
version = "1.6.0"
description = "plugin and hook calling mechanisms for python"
optional = false
python-versions = ">=3.9"
groups = ["dev"]
files = [
    {file = "pluggy-1.6.0-py3-none-any.whl", hash = "sha256:e920276dd6813095e9377c0bc5566d94c932c33b27a3e3945d8389c374dd4746"},
    {file = "pluggy-1.6.0.tar.gz", hash = "sha256:7dcc130b76258d33b90f61b658791dede3486c3e6bfb003ee5c9bfb396dd22f3"},
]

[package.extras]
dev = ["pre-commit", "tox"]
testing = ["coverage", "pytest", "pytest-benchmark"]

[[package]]
name = "pygments"
version = "2.19.2"
description = "Pygments is a syntax highlighting package written in Python."
optional = false
python-versions = ">=3.8"
groups = ["dev"]
files = [
    {file = "pygments-2.19.2-py3-none-any.whl", hash = "sha256:86540386c03d588bb81d44bc3928634ff26449851e99741617ecb9037ee5ec0b"},
    {file = "pygments-2.19.2.tar.gz", hash = "sha256:636cb2477cec7f8952536970bc533bc43743542f70392ae026374600add5b887"},
]

[package.extras]
windows-terminal = ["colorama (>=0.4.6)"]

[[package]]
name = "pytest"
version = "8.4.1"
description = "pytest: simple powerful testing with Python"
optional = false
python-versions = ">=3.9"
groups = ["dev"]
files = [
    {file = "pytest-8.4.1-py3-none-any.whl", hash = "sha256:539c70ba6fcead8e78eebbf1115e8b589e7565830d7d006a8723f19ac8a0afb7"},
    {file = "pytest-8.4.1.tar.gz", hash = "sha256:7c67fd69174877359ed9371ec3af8a3d2b04741818c51e5e99cc1742251fa93c"},
]

[package.dependencies]
colorama = {version = ">=0.4", markers = "sys_platform == \"win32\""}
exceptiongroup = {version = ">=1", markers = "python_version < \"3.11\""}
iniconfig = ">=1"
packaging = ">=20"
pluggy = ">=1.5,<2"
pygments = ">=2.7.2"
tomli = {version = ">=1", markers = "python_version < \"3.11\""}

[package.extras]
dev = ["argcomplete", "attrs (>=19.2)", "hypothesis (>=3.56)", "mock", "requests", "setuptools", "xmlschema"]

[[package]]
name = "pytest-cov"
version = "6.2.1"
description = "Pytest plugin for measuring coverage."
optional = false
python-versions = ">=3.9"
groups = ["dev"]
files = [
    {file = "pytest_cov-6.2.1-py3-none-any.whl", hash = "sha256:f5bc4c23f42f1cdd23c70b1dab1bbaef4fc505ba950d53e0081d0730dd7e86d5"},
    {file = "pytest_cov-6.2.1.tar.gz", hash = "sha256:25cc6cc0a5358204b8108ecedc51a9b57b34cc6b8c967cc2c01a4e00d8a67da2"},
]

[package.dependencies]
coverage = {version = ">=7.5", extras = ["toml"]}
pluggy = ">=1.2"
pytest = ">=6.2.5"

[package.extras]
testing = ["fields", "hunter", "process-tests", "pytest-xdist", "virtualenv"]

[[package]]
name = "pytest-django"
version = "4.11.1"
description = "A Django plugin for pytest."
optional = false
python-versions = ">=3.8"
groups = ["dev"]
files = [
    {file = "pytest_django-4.11.1-py3-none-any.whl", hash = "sha256:1b63773f648aa3d8541000c26929c1ea63934be1cfa674c76436966d73fe6a10"},
    {file = "pytest_django-4.11.1.tar.gz", hash = "sha256:a949141a1ee103cb0e7a20f1451d355f83f5e4a5d07bdd4dcfdd1fd0ff227991"},
]

[package.dependencies]
pytest = ">=7.0.0"

[package.extras]
docs = ["sphinx", "sphinx_rtd_theme"]
testing = ["Django", "django-configurations (>=2.0)"]

[[package]]
name = "pytest-mock"
version = "3.14.1"
description = "Thin-wrapper around the mock package for easier use with pytest"
optional = false
python-versions = ">=3.8"
groups = ["dev"]
files = [
    {file = "pytest_mock-3.14.1-py3-none-any.whl", hash = "sha256:178aefcd11307d874b4cd3100344e7e2d888d9791a6a1d9bfe90fbc1b74fd1d0"},
    {file = "pytest_mock-3.14.1.tar.gz", hash = "sha256:159e9edac4c451ce77a5cdb9fc5d1100708d2dd4ba3c3df572f14097351af80e"},
]

[package.dependencies]
pytest = ">=6.2.5"

[package.extras]
dev = ["pre-commit", "pytest-asyncio", "tox"]

[[package]]
name = "python-ipware"
version = "3.0.0"
description = "A Python package to retrieve user's IP address"
optional = false
python-versions = ">=3.7"
groups = ["main"]
files = [
    {file = "python_ipware-3.0.0-py3-none-any.whl", hash = "sha256:fc936e6e7ec9fcc107f9315df40658f468ac72f739482a707181742882e36b60"},
    {file = "python_ipware-3.0.0.tar.gz", hash = "sha256:9117b1c4dddcb5d5ca49e6a9617de2fc66aec2ef35394563ac4eecabdf58c062"},
]

[package.extras]
dev = ["coverage[toml]", "coveralls (>=3.3,<4.0)", "ruff", "twine"]

[[package]]
name = "pytz"
version = "2025.2"
description = "World timezone definitions, modern and historical"
optional = false
python-versions = "*"
groups = ["dev"]
files = [
    {file = "pytz-2025.2-py2.py3-none-any.whl", hash = "sha256:5ddf76296dd8c44c26eb8f4b6f35488f3ccbf6fbbd7adee0b7262d43f0ec2f00"},
    {file = "pytz-2025.2.tar.gz", hash = "sha256:360b9e3dbb49a209c21ad61809c7fb453643e048b38924c765813546746e81c3"},
]

[[package]]
name = "ruff"
version = "0.12.10"
description = "An extremely fast Python linter and code formatter, written in Rust."
optional = false
python-versions = ">=3.7"
groups = ["dev"]
files = [
    {file = "ruff-0.12.10-py3-none-linux_armv6l.whl", hash = "sha256:8b593cb0fb55cc8692dac7b06deb29afda78c721c7ccfed22db941201b7b8f7b"},
    {file = "ruff-0.12.10-py3-none-macosx_10_12_x86_64.whl", hash = "sha256:ebb7333a45d56efc7c110a46a69a1b32365d5c5161e7244aaf3aa20ce62399c1"},
    {file = "ruff-0.12.10-py3-none-macosx_11_0_arm64.whl", hash = "sha256:d59e58586829f8e4a9920788f6efba97a13d1fa320b047814e8afede381c6839"},
    {file = "ruff-0.12.10-py3-none-manylinux_2_17_aarch64.manylinux2014_aarch64.whl", hash = "sha256:822d9677b560f1fdeab69b89d1f444bf5459da4aa04e06e766cf0121771ab844"},
    {file = "ruff-0.12.10-py3-none-manylinux_2_17_armv7l.manylinux2014_armv7l.whl", hash = "sha256:37b4a64f4062a50c75019c61c7017ff598cb444984b638511f48539d3a1c98db"},
    {file = "ruff-0.12.10-py3-none-manylinux_2_17_i686.manylinux2014_i686.whl", hash = "sha256:2c6f4064c69d2542029b2a61d39920c85240c39837599d7f2e32e80d36401d6e"},
    {file = "ruff-0.12.10-py3-none-manylinux_2_17_ppc64.manylinux2014_ppc64.whl", hash = "sha256:059e863ea3a9ade41407ad71c1de2badfbe01539117f38f763ba42a1206f7559"},
    {file = "ruff-0.12.10-py3-none-manylinux_2_17_ppc64le.manylinux2014_ppc64le.whl", hash = "sha256:1bef6161e297c68908b7218fa6e0e93e99a286e5ed9653d4be71e687dff101cf"},
    {file = "ruff-0.12.10-py3-none-manylinux_2_17_s390x.manylinux2014_s390x.whl", hash = "sha256:4f1345fbf8fb0531cd722285b5f15af49b2932742fc96b633e883da8d841896b"},
    {file = "ruff-0.12.10-py3-none-manylinux_2_17_x86_64.manylinux2014_x86_64.whl", hash = "sha256:1f68433c4fbc63efbfa3ba5db31727db229fa4e61000f452c540474b03de52a9"},
    {file = "ruff-0.12.10-py3-none-manylinux_2_31_riscv64.whl", hash = "sha256:141ce3d88803c625257b8a6debf4a0473eb6eed9643a6189b68838b43e78165a"},
    {file = "ruff-0.12.10-py3-none-musllinux_1_2_aarch64.whl", hash = "sha256:f3fc21178cd44c98142ae7590f42ddcb587b8e09a3b849cbc84edb62ee95de60"},
    {file = "ruff-0.12.10-py3-none-musllinux_1_2_armv7l.whl", hash = "sha256:7d1a4e0bdfafcd2e3e235ecf50bf0176f74dd37902f241588ae1f6c827a36c56"},
    {file = "ruff-0.12.10-py3-none-musllinux_1_2_i686.whl", hash = "sha256:e67d96827854f50b9e3e8327b031647e7bcc090dbe7bb11101a81a3a2cbf1cc9"},
    {file = "ruff-0.12.10-py3-none-musllinux_1_2_x86_64.whl", hash = "sha256:ae479e1a18b439c59138f066ae79cc0f3ee250712a873d00dbafadaad9481e5b"},
    {file = "ruff-0.12.10-py3-none-win32.whl", hash = "sha256:9de785e95dc2f09846c5e6e1d3a3d32ecd0b283a979898ad427a9be7be22b266"},
    {file = "ruff-0.12.10-py3-none-win_amd64.whl", hash = "sha256:7837eca8787f076f67aba2ca559cefd9c5cbc3a9852fd66186f4201b87c1563e"},
    {file = "ruff-0.12.10-py3-none-win_arm64.whl", hash = "sha256:cc138cc06ed9d4bfa9d667a65af7172b47840e1a98b02ce7011c391e54635ffc"},
    {file = "ruff-0.12.10.tar.gz", hash = "sha256:189ab65149d11ea69a2d775343adf5f49bb2426fc4780f65ee33b423ad2e47f9"},
]

[[package]]
name = "sqlparse"
version = "0.5.3"
description = "A non-validating SQL parser."
optional = false
python-versions = ">=3.8"
groups = ["main"]
files = [
    {file = "sqlparse-0.5.3-py3-none-any.whl", hash = "sha256:cf2196ed3418f3ba5de6af7e82c694a9fbdbfecccdfc72e281548517081f16ca"},
    {file = "sqlparse-0.5.3.tar.gz", hash = "sha256:09f67787f56a0b16ecdbde1bfc7f5d9c3371ca683cfeaa8e6ff60b4807ec9272"},
]

[package.extras]
dev = ["build", "hatch"]
doc = ["sphinx"]

[[package]]
name = "tomli"
version = "2.2.1"
description = "A lil' TOML parser"
optional = false
python-versions = ">=3.8"
groups = ["dev"]
markers = "python_full_version <= \"3.11.0a6\""
files = [
    {file = "tomli-2.2.1-cp311-cp311-macosx_10_9_x86_64.whl", hash = "sha256:678e4fa69e4575eb77d103de3df8a895e1591b48e740211bd1067378c69e8249"},
    {file = "tomli-2.2.1-cp311-cp311-macosx_11_0_arm64.whl", hash = "sha256:023aa114dd824ade0100497eb2318602af309e5a55595f76b626d6d9f3b7b0a6"},
    {file = "tomli-2.2.1-cp311-cp311-manylinux_2_17_aarch64.manylinux2014_aarch64.whl", hash = "sha256:ece47d672db52ac607a3d9599a9d48dcb2f2f735c6c2d1f34130085bb12b112a"},
    {file = "tomli-2.2.1-cp311-cp311-manylinux_2_17_x86_64.manylinux2014_x86_64.whl", hash = "sha256:6972ca9c9cc9f0acaa56a8ca1ff51e7af152a9f87fb64623e31d5c83700080ee"},
    {file = "tomli-2.2.1-cp311-cp311-manylinux_2_5_i686.manylinux1_i686.manylinux_2_17_i686.manylinux2014_i686.whl", hash = "sha256:c954d2250168d28797dd4e3ac5cf812a406cd5a92674ee4c8f123c889786aa8e"},
    {file = "tomli-2.2.1-cp311-cp311-musllinux_1_2_aarch64.whl", hash = "sha256:8dd28b3e155b80f4d54beb40a441d366adcfe740969820caf156c019fb5c7ec4"},
    {file = "tomli-2.2.1-cp311-cp311-musllinux_1_2_i686.whl", hash = "sha256:e59e304978767a54663af13c07b3d1af22ddee3bb2fb0618ca1593e4f593a106"},
    {file = "tomli-2.2.1-cp311-cp311-musllinux_1_2_x86_64.whl", hash = "sha256:33580bccab0338d00994d7f16f4c4ec25b776af3ffaac1ed74e0b3fc95e885a8"},
    {file = "tomli-2.2.1-cp311-cp311-win32.whl", hash = "sha256:465af0e0875402f1d226519c9904f37254b3045fc5084697cefb9bdde1ff99ff"},
    {file = "tomli-2.2.1-cp311-cp311-win_amd64.whl", hash = "sha256:2d0f2fdd22b02c6d81637a3c95f8cd77f995846af7414c5c4b8d0545afa1bc4b"},
    {file = "tomli-2.2.1-cp312-cp312-macosx_10_13_x86_64.whl", hash = "sha256:4a8f6e44de52d5e6c657c9fe83b562f5f4256d8ebbfe4ff922c495620a7f6cea"},
    {file = "tomli-2.2.1-cp312-cp312-macosx_11_0_arm64.whl", hash = "sha256:8d57ca8095a641b8237d5b079147646153d22552f1c637fd3ba7f4b0b29167a8"},
    {file = "tomli-2.2.1-cp312-cp312-manylinux_2_17_aarch64.manylinux2014_aarch64.whl", hash = "sha256:4e340144ad7ae1533cb897d406382b4b6fede8890a03738ff1683af800d54192"},
    {file = "tomli-2.2.1-cp312-cp312-manylinux_2_17_x86_64.manylinux2014_x86_64.whl", hash = "sha256:db2b95f9de79181805df90bedc5a5ab4c165e6ec3fe99f970d0e302f384ad222"},
    {file = "tomli-2.2.1-cp312-cp312-manylinux_2_5_i686.manylinux1_i686.manylinux_2_17_i686.manylinux2014_i686.whl", hash = "sha256:40741994320b232529c802f8bc86da4e1aa9f413db394617b9a256ae0f9a7f77"},
    {file = "tomli-2.2.1-cp312-cp312-musllinux_1_2_aarch64.whl", hash = "sha256:400e720fe168c0f8521520190686ef8ef033fb19fc493da09779e592861b78c6"},
    {file = "tomli-2.2.1-cp312-cp312-musllinux_1_2_i686.whl", hash = "sha256:02abe224de6ae62c19f090f68da4e27b10af2b93213d36cf44e6e1c5abd19fdd"},
    {file = "tomli-2.2.1-cp312-cp312-musllinux_1_2_x86_64.whl", hash = "sha256:b82ebccc8c8a36f2094e969560a1b836758481f3dc360ce9a3277c65f374285e"},
    {file = "tomli-2.2.1-cp312-cp312-win32.whl", hash = "sha256:889f80ef92701b9dbb224e49ec87c645ce5df3fa2cc548664eb8a25e03127a98"},
    {file = "tomli-2.2.1-cp312-cp312-win_amd64.whl", hash = "sha256:7fc04e92e1d624a4a63c76474610238576942d6b8950a2d7f908a340494e67e4"},
    {file = "tomli-2.2.1-cp313-cp313-macosx_10_13_x86_64.whl", hash = "sha256:f4039b9cbc3048b2416cc57ab3bda989a6fcf9b36cf8937f01a6e731b64f80d7"},
    {file = "tomli-2.2.1-cp313-cp313-macosx_11_0_arm64.whl", hash = "sha256:286f0ca2ffeeb5b9bd4fcc8d6c330534323ec51b2f52da063b11c502da16f30c"},
    {file = "tomli-2.2.1-cp313-cp313-manylinux_2_17_aarch64.manylinux2014_aarch64.whl", hash = "sha256:a92ef1a44547e894e2a17d24e7557a5e85a9e1d0048b0b5e7541f76c5032cb13"},
    {file = "tomli-2.2.1-cp313-cp313-manylinux_2_17_x86_64.manylinux2014_x86_64.whl", hash = "sha256:9316dc65bed1684c9a98ee68759ceaed29d229e985297003e494aa825ebb0281"},
    {file = "tomli-2.2.1-cp313-cp313-manylinux_2_5_i686.manylinux1_i686.manylinux_2_17_i686.manylinux2014_i686.whl", hash = "sha256:e85e99945e688e32d5a35c1ff38ed0b3f41f43fad8df0bdf79f72b2ba7bc5272"},
    {file = "tomli-2.2.1-cp313-cp313-musllinux_1_2_aarch64.whl", hash = "sha256:ac065718db92ca818f8d6141b5f66369833d4a80a9d74435a268c52bdfa73140"},
    {file = "tomli-2.2.1-cp313-cp313-musllinux_1_2_i686.whl", hash = "sha256:d920f33822747519673ee656a4b6ac33e382eca9d331c87770faa3eef562aeb2"},
    {file = "tomli-2.2.1-cp313-cp313-musllinux_1_2_x86_64.whl", hash = "sha256:a198f10c4d1b1375d7687bc25294306e551bf1abfa4eace6650070a5c1ae2744"},
    {file = "tomli-2.2.1-cp313-cp313-win32.whl", hash = "sha256:d3f5614314d758649ab2ab3a62d4f2004c825922f9e370b29416484086b264ec"},
    {file = "tomli-2.2.1-cp313-cp313-win_amd64.whl", hash = "sha256:a38aa0308e754b0e3c67e344754dff64999ff9b513e691d0e786265c93583c69"},
    {file = "tomli-2.2.1-py3-none-any.whl", hash = "sha256:cb55c73c5f4408779d0cf3eef9f762b9c9f147a77de7b258bef0a5628adc85cc"},
    {file = "tomli-2.2.1.tar.gz", hash = "sha256:cd45e1dc79c835ce60f7404ec8119f2eb06d38b1deba146f07ced3bbc44505ff"},
]

[[package]]
name = "typing-extensions"
version = "4.12.2"
description = "Backported and Experimental Type Hints for Python 3.8+"
optional = false
python-versions = ">=3.8"
groups = ["main", "dev"]
markers = "python_version == \"3.10\""
files = [
    {file = "typing_extensions-4.12.2-py3-none-any.whl", hash = "sha256:04e5ca0351e0f3f85c6853954072df659d0d13fac324d0072316b67d7794700d"},
    {file = "typing_extensions-4.12.2.tar.gz", hash = "sha256:1a7ead55c7e559dd4dee8856e3a88b41225abfe1ce8df57b7c13915fe121ffb8"},
]

[[package]]
name = "tzdata"
version = "2024.2"
description = "Provider of IANA time zone data"
optional = false
python-versions = ">=2"
groups = ["main"]
markers = "sys_platform == \"win32\""
files = [
    {file = "tzdata-2024.2-py2.py3-none-any.whl", hash = "sha256:a48093786cdcde33cad18c2555e8532f34422074448fbc874186f0abd79565cd"},
    {file = "tzdata-2024.2.tar.gz", hash = "sha256:7d85cc416e9382e69095b7bdf4afd9e3880418a2413feec7069d533d6b4e31cc"},
]

[metadata]
lock-version = "2.1"
python-versions = ">=3.10"
content-hash = "d170477057d0c3035f3ac7d8343beb5af634342aba4fa0dd938104c02800d116"
